
Microsoft Visual Studio Solution File, Format Version 12.00
# Visual Studio Version 16
VisualStudioVersion = 16.0.31624.102
MinimumVisualStudioVersion = 10.0.40219.1
Project("{8BC9CEB8-8B4A-11D0-8D11-00A0C91BC942}") = "RomanNumerals", "RomanNumerals\RomanNumerals.vcxproj", "{5FFBCB24-9C50-4E0F-BC4D-4FE0CA076FF1}"
EndProject
Global
	GlobalSection(SolutionConfigurationPlatforms) = preSolution
		Debug|x64 = Debug|x64
		Debug|x86 = Debug|x86
		Release|x64 = Release|x64
		Release|x86 = Release|x86
	EndGlobalSection
	GlobalSection(ProjectConfigurationPlatforms) = postSolution
		{5FFBCB24-9C50-4E0F-BC4D-4FE0CA076FF1}.Debug|x64.ActiveCfg = Debug|x64
		{5FFBCB24-9C50-4E0F-BC4D-4FE0CA076FF1}.Debug|x64.Build.0 = Debug|x64
		{5FFBCB24-9C50-4E0F-BC4D-4FE0CA076FF1}.Debug|x86.ActiveCfg = Debug|Win32
		{5FFBCB24-9C50-4E0F-BC4D-4FE0CA076FF1}.Debug|x86.Build.0 = Debug|Win32
		{5FFBCB24-9C50-4E0F-BC4D-4FE0CA076FF1}.Release|x64.ActiveCfg = Release|x64
		{5FFBCB24-9C50-4E0F-BC4D-4FE0CA076FF1}.Release|x64.Build.0 = Release|x64
		{5FFBCB24-9C50-4E0F-BC4D-4FE0CA076FF1}.Release|x86.ActiveCfg = Release|Win32
		{5FFBCB24-9C50-4E0F-BC4D-4FE0CA076FF1}.Release|x86.Build.0 = Release|Win32
	EndGlobalSection
	GlobalSection(SolutionProperties) = preSolution
		HideSolutionNode = FALSE
	EndGlobalSection
	GlobalSection(ExtensibilityGlobals) = postSolution
		SolutionGuid = {51AC5FB0-A0DC-43F1-8C93-4E59961A964F}
	EndGlobalSection
EndGlobal
